
Microsoft Visual Studio Solution File, Format Version 12.00
# Visual Studio Version 16
VisualStudioVersion = 16.0.810.16
MinimumVisualStudioVersion = 10.0.40219.1
Project("{FAE04EC0-301F-11D3-BF4B-00C04F79EFBC}") = "UserRoleMgtApi.Core", "UserRoleMgtApi.Core\UserRoleMgtApi.Core.csproj", "{464E5526-DEB3-4DA9-B55D-9B5343D3B1D7}"
EndProject
Project("{FAE04EC0-301F-11D3-BF4B-00C04F79EFBC}") = "UserRoleMgtApi.Models", "UserRoleMgtApi.Models\UserRoleMgtApi.Models.csproj", "{39CDA4D2-ABBB-48CB-982C-D4562639CF69}"
EndProject
Project("{FAE04EC0-301F-11D3-BF4B-00C04F79EFBC}") = "UserRoleMgtApi.Services", "UserRoleMgtApi.Services\UserRoleMgtApi.Services.csproj", "{67BF9EDB-2169-40AA-A818-CE6E77AA6BF2}"
EndProject
Global
	GlobalSection(SolutionConfigurationPlatforms) = preSolution
		Debug|Any CPU = Debug|Any CPU
		Release|Any CPU = Release|Any CPU
	EndGlobalSection
	GlobalSection(ProjectConfigurationPlatforms) = postSolution
		{464E5526-DEB3-4DA9-B55D-9B5343D3B1D7}.Debug|Any CPU.ActiveCfg = Debug|Any CPU
		{464E5526-DEB3-4DA9-B55D-9B5343D3B1D7}.Debug|Any CPU.Build.0 = Debug|Any CPU
		{464E5526-DEB3-4DA9-B55D-9B5343D3B1D7}.Release|Any CPU.ActiveCfg = Release|Any CPU
		{464E5526-DEB3-4DA9-B55D-9B5343D3B1D7}.Release|Any CPU.Build.0 = Release|Any CPU
		{39CDA4D2-ABBB-48CB-982C-D4562639CF69}.Debug|Any CPU.ActiveCfg = Debug|Any CPU
		{39CDA4D2-ABBB-48CB-982C-D4562639CF69}.Debug|Any CPU.Build.0 = Debug|Any CPU
		{39CDA4D2-ABBB-48CB-982C-D4562639CF69}.Release|Any CPU.ActiveCfg = Release|Any CPU
		{39CDA4D2-ABBB-48CB-982C-D4562639CF69}.Release|Any CPU.Build.0 = Release|Any CPU
		{67BF9EDB-2169-40AA-A818-CE6E77AA6BF2}.Debug|Any CPU.ActiveCfg = Debug|Any CPU
		{67BF9EDB-2169-40AA-A818-CE6E77AA6BF2}.Debug|Any CPU.Build.0 = Debug|Any CPU
		{67BF9EDB-2169-40AA-A818-CE6E77AA6BF2}.Release|Any CPU.ActiveCfg = Release|Any CPU
		{67BF9EDB-2169-40AA-A818-CE6E77AA6BF2}.Release|Any CPU.Build.0 = Release|Any CPU
	EndGlobalSection
	GlobalSection(SolutionProperties) = preSolution
		HideSolutionNode = FALSE
	EndGlobalSection
	GlobalSection(ExtensibilityGlobals) = postSolution
		SolutionGuid = {03D06E92-C44F-4527-A020-469C0B9A03C5}
	EndGlobalSection
EndGlobal
